
Microsoft Visual Studio Solution File, Format Version 12.00
# Visual Studio Version 16
VisualStudioVersion = 16.0.31321.278
MinimumVisualStudioVersion = 10.0.40219.1
Project("{FAE04EC0-301F-11D3-BF4B-00C04F79EFBC}") = "Macros Keyboard", "Macros Keyboard\Macros Keyboard.csproj", "{9689FB70-5178-48CB-979F-9FD5B2AFDED3}"
EndProject
Global
	GlobalSection(SolutionConfigurationPlatforms) = preSolution
		Debug|Any CPU = Debug|Any CPU
		Release|Any CPU = Release|Any CPU
	EndGlobalSection
	GlobalSection(ProjectConfigurationPlatforms) = postSolution
		{9689FB70-5178-48CB-979F-9FD5B2AFDED3}.Debug|Any CPU.ActiveCfg = Debug|Any CPU
		{9689FB70-5178-48CB-979F-9FD5B2AFDED3}.Debug|Any CPU.Build.0 = Debug|Any CPU
		{9689FB70-5178-48CB-979F-9FD5B2AFDED3}.Release|Any CPU.ActiveCfg = Release|Any CPU
		{9689FB70-5178-48CB-979F-9FD5B2AFDED3}.Release|Any CPU.Build.0 = Release|Any CPU
	EndGlobalSection
	GlobalSection(SolutionProperties) = preSolution
		HideSolutionNode = FALSE
	EndGlobalSection
	GlobalSection(ExtensibilityGlobals) = postSolution
		SolutionGuid = {E4CDD442-3A5D-4BDC-A5E9-D0CCCFA10B7A}
	EndGlobalSection
EndGlobal
